
Microsoft Visual Studio Solution File, Format Version 12.00
# Visual Studio Version 17
VisualStudioVersion = 17.3.32825.248
MinimumVisualStudioVersion = 10.0.40219.1
Project("{FAE04EC0-301F-11D3-BF4B-00C04F79EFBC}") = "n01576807_Assignment1", "assignment1\n01576807_Assignment1.csproj", "{9B0D2786-2F84-4E3B-BE13-603D96D52ED1}"
EndProject
Global
	GlobalSection(SolutionConfigurationPlatforms) = preSolution
		Debug|Any CPU = Debug|Any CPU
		Release|Any CPU = Release|Any CPU
	EndGlobalSection
	GlobalSection(ProjectConfigurationPlatforms) = postSolution
		{9B0D2786-2F84-4E3B-BE13-603D96D52ED1}.Debug|Any CPU.ActiveCfg = Debug|Any CPU
		{9B0D2786-2F84-4E3B-BE13-603D96D52ED1}.Debug|Any CPU.Build.0 = Debug|Any CPU
		{9B0D2786-2F84-4E3B-BE13-603D96D52ED1}.Release|Any CPU.ActiveCfg = Release|Any CPU
		{9B0D2786-2F84-4E3B-BE13-603D96D52ED1}.Release|Any CPU.Build.0 = Release|Any CPU
	EndGlobalSection
	GlobalSection(SolutionProperties) = preSolution
		HideSolutionNode = FALSE
	EndGlobalSection
	GlobalSection(ExtensibilityGlobals) = postSolution
		SolutionGuid = {E696D7F3-B11F-4BDF-832A-6AED6ECD53B0}
	EndGlobalSection
EndGlobal
